{
  "name": "checklist",
  "version": "1.0.0",
  "lockfileVersion": 1,
  "requires": true,
  "dependencies": {
    "eslint-config-wordpress": {
      "version": "2.0.0",
      "resolved": "https://registry.npmjs.org/eslint-config-wordpress/-/eslint-config-wordpress-2.0.0.tgz",
      "integrity": "sha1-UgEgbGlk1kgxUjLt9t+9LpJeTNY=",
      "dev": true
    },
    "eslint-plugin-wordpress": {
      "version": "0.1.0",
      "resolved": "https://registry.npmjs.org/eslint-plugin-wordpress/-/eslint-plugin-wordpress-0.1.0.tgz",
      "integrity": "sha1-PmlvCTJtmRXiZogasUj+0oFhF2I=",
      "dev": true,
      "requires": {
        "requireindex": "~1.1.0"
      }
    },
    "requireindex": {
      "version": "1.1.0",
      "resolved": "https://registry.npmjs.org/requireindex/-/requireindex-1.1.0.tgz",
      "integrity": "sha1-5UBLgVV+91225JxacgBIk/4D4WI=",
      "dev": true
    }
  }
}
